{
  "name": "test-fake-data",
  "version": "1.0.0",
  "lockfileVersion": 2,
  "requires": true,
  "packages": {
    "": {
      "name": "test-fake-data",
      "version": "1.0.0",
      "dependencies": {
        "dayjs": "^1.10.7"
      },
      "devDependencies": {
        "@figma/plugin-typings": "^1.40.0"
      }
    },
    "node_modules/@figma/plugin-typings": {
      "version": "1.40.0",
      "resolved": "https://registry.npmjs.org/@figma/plugin-typings/-/plugin-typings-1.40.0.tgz",
      "integrity": "sha512-PA73qVIn6KFVpnJkt2xNbCpaxx04pXs9eu22JH2123O7Mu17ARLDlXE+tt1ikACfsS6aEGsStI3IFPks+yomVA==",
      "dev": true
    },
    "node_modules/dayjs": {
      "version": "1.10.7",
      "resolved": "https://registry.npmjs.org/dayjs/-/dayjs-1.10.7.tgz",
      "integrity": "sha512-P6twpd70BcPK34K26uJ1KT3wlhpuOAPoMwJzpsIWUxHZ7wpmbdZL/hQqBDfz7hGurYSa5PhzdhDHtt319hL3ig=="
    }
  },
  "dependencies": {
    "@figma/plugin-typings": {
      "version": "1.40.0",
      "resolved": "https://registry.npmjs.org/@figma/plugin-typings/-/plugin-typings-1.40.0.tgz",
      "integrity": "sha512-PA73qVIn6KFVpnJkt2xNbCpaxx04pXs9eu22JH2123O7Mu17ARLDlXE+tt1ikACfsS6aEGsStI3IFPks+yomVA==",
      "dev": true
    },
    "dayjs": {
      "version": "1.10.7",
      "resolved": "https://registry.npmjs.org/dayjs/-/dayjs-1.10.7.tgz",
      "integrity": "sha512-P6twpd70BcPK34K26uJ1KT3wlhpuOAPoMwJzpsIWUxHZ7wpmbdZL/hQqBDfz7hGurYSa5PhzdhDHtt319hL3ig=="
    }
  }
}
